
Microsoft Visual Studio Solution File, Format Version 12.00
# Visual Studio 15
VisualStudioVersion = 15.0.28010.2050
MinimumVisualStudioVersion = 10.0.40219.1
Project("{FAE04EC0-301F-11D3-BF4B-00C04F79EFBC}") = "Keysight VISA IDN Test", "Keysight VISA IDN Test\Keysight VISA IDN Test.csproj", "{2D1C32ED-3CF5-49B2-BEB5-E88910FFA6E5}"
EndProject
Global
	GlobalSection(SolutionConfigurationPlatforms) = preSolution
		Debug|Any CPU = Debug|Any CPU
		Release|Any CPU = Release|Any CPU
	EndGlobalSection
	GlobalSection(ProjectConfigurationPlatforms) = postSolution
		{2D1C32ED-3CF5-49B2-BEB5-E88910FFA6E5}.Debug|Any CPU.ActiveCfg = Debug|Any CPU
		{2D1C32ED-3CF5-49B2-BEB5-E88910FFA6E5}.Debug|Any CPU.Build.0 = Debug|Any CPU
		{2D1C32ED-3CF5-49B2-BEB5-E88910FFA6E5}.Release|Any CPU.ActiveCfg = Release|Any CPU
		{2D1C32ED-3CF5-49B2-BEB5-E88910FFA6E5}.Release|Any CPU.Build.0 = Release|Any CPU
	EndGlobalSection
	GlobalSection(SolutionProperties) = preSolution
		HideSolutionNode = FALSE
	EndGlobalSection
	GlobalSection(ExtensibilityGlobals) = postSolution
		SolutionGuid = {C420950F-B985-47A0-A2D9-9DD21AE36363}
	EndGlobalSection
EndGlobal
